// !$*UTF8*$!
{
	archiveVersion = 1;
	classes = {
	};
	objectVersion = 51;
	objects = {

/* Begin PBXBuildFile section */
		924427F0269306D300EEC864 /* AppDelegate.swift in Sources */ = {isa = PBXBuildFile; fileRef = 924427EF269306D300EEC864 /* AppDelegate.swift */; };
		924427F2269306D300EEC864 /* SceneDelegate.swift in Sources */ = {isa = PBXBuildFile; fileRef = 924427F1269306D300EEC864 /* SceneDelegate.swift */; };
		924427F4269306D300EEC864 /* ConversationsViewController.swift in Sources */ = {isa = PBXBuildFile; fileRef = 924427F3269306D300EEC864 /* ConversationsViewController.swift */; };
		924427F7269306D300EEC864 /* Main.storyboard in Resources */ = {isa = PBXBuildFile; fileRef = 924427F5269306D300EEC864 /* Main.storyboard */; };
		924427F9269306D500EEC864 /* Assets.xcassets in Resources */ = {isa = PBXBuildFile; fileRef = 924427F8269306D500EEC864 /* Assets.xcassets */; };
		924427FC269306D500EEC864 /* LaunchScreen.storyboard in Resources */ = {isa = PBXBuildFile; fileRef = 924427FA269306D500EEC864 /* LaunchScreen.storyboard */; };
		9244280F26930D8200EEC864 /* LoginViewController.swift in Sources */ = {isa = PBXBuildFile; fileRef = 9244280E26930D8200EEC864 /* LoginViewController.swift */; };
		9244281126930E2600EEC864 /* PhotoViewController.swift in Sources */ = {isa = PBXBuildFile; fileRef = 9244281026930E2600EEC864 /* PhotoViewController.swift */; };
		9244281326930E3D00EEC864 /* VideoViewController.swift in Sources */ = {isa = PBXBuildFile; fileRef = 9244281226930E3D00EEC864 /* VideoViewController.swift */; };
		9244281526930E8E00EEC864 /* NewConversationViewController.swift in Sources */ = {isa = PBXBuildFile; fileRef = 9244281426930E8E00EEC864 /* NewConversationViewController.swift */; };
		9244281726930F0D00EEC864 /* RegisterViewController.swift in Sources */ = {isa = PBXBuildFile; fileRef = 9244281626930F0D00EEC864 /* RegisterViewController.swift */; };
		9244281926930F2E00EEC864 /* ProfileViewController.swift in Sources */ = {isa = PBXBuildFile; fileRef = 9244281826930F2E00EEC864 /* ProfileViewController.swift */; };
		9244281C2694276600EEC864 /* Extensions.swift in Sources */ = {isa = PBXBuildFile; fileRef = 9244281B2694276600EEC864 /* Extensions.swift */; };
		927A00D126965A6300C33B64 /* DatabaseManager.swift in Sources */ = {isa = PBXBuildFile; fileRef = 927A00D026965A6300C33B64 /* DatabaseManager.swift */; };
		928144DC2694D5A80098690E /* GoogleService-Info.plist in Resources */ = {isa = PBXBuildFile; fileRef = 928144DB2694D5A80098690E /* GoogleService-Info.plist */; };
		AB2ECC5AFFCFBC6E338CB95D /* Pods_Messanger.framework in Frameworks */ = {isa = PBXBuildFile; fileRef = 016C2D702EA4524215BB8F9C /* Pods_Messanger.framework */; };
/* End PBXBuildFile section */

/* Begin PBXFileReference section */
		016C2D702EA4524215BB8F9C /* Pods_Messanger.framework */ = {isa = PBXFileReference; explicitFileType = wrapper.framework; includeInIndex = 0; path = Pods_Messanger.framework; sourceTree = BUILT_PRODUCTS_DIR; };
		924427EC269306D300EEC864 /* Messanger.app */ = {isa = PBXFileReference; explicitFileType = wrapper.application; includeInIndex = 0; path = Messanger.app; sourceTree = BUILT_PRODUCTS_DIR; };
		924427EF269306D300EEC864 /* AppDelegate.swift */ = {isa = PBXFileReference; lastKnownFileType = sourcecode.swift; path = AppDelegate.swift; sourceTree = "<group>"; };
		924427F1269306D300EEC864 /* SceneDelegate.swift */ = {isa = PBXFileReference; lastKnownFileType = sourcecode.swift; path = SceneDelegate.swift; sourceTree = "<group>"; };
		924427F3269306D300EEC864 /* ConversationsViewController.swift */ = {isa = PBXFileReference; lastKnownFileType = sourcecode.swift; path = ConversationsViewController.swift; sourceTree = "<group>"; };
		924427F6269306D300EEC864 /* Base */ = {isa = PBXFileReference; lastKnownFileType = file.storyboard; name = Base; path = Base.lproj/Main.storyboard; sourceTree = "<group>"; };
		924427F8269306D500EEC864 /* Assets.xcassets */ = {isa = PBXFileReference; lastKnownFileType = folder.assetcatalog; path = Assets.xcassets; sourceTree = "<group>"; };
		924427FB269306D500EEC864 /* Base */ = {isa = PBXFileReference; lastKnownFileType = file.storyboard; name = Base; path = Base.lproj/LaunchScreen.storyboard; sourceTree = "<group>"; };
		924427FD269306D500EEC864 /* Info.plist */ = {isa = PBXFileReference; lastKnownFileType = text.plist.xml; path = Info.plist; sourceTree = "<group>"; };
		9244280E26930D8200EEC864 /* LoginViewController.swift */ = {isa = PBXFileReference; lastKnownFileType = sourcecode.swift; path = LoginViewController.swift; sourceTree = "<group>"; };
		9244281026930E2600EEC864 /* PhotoViewController.swift */ = {isa = PBXFileReference; lastKnownFileType = sourcecode.swift; path = PhotoViewController.swift; sourceTree = "<group>"; };
		9244281226930E3D00EEC864 /* VideoViewController.swift */ = {isa = PBXFileReference; lastKnownFileType = sourcecode.swift; path = VideoViewController.swift; sourceTree = "<group>"; };
		9244281426930E8E00EEC864 /* NewConversationViewController.swift */ = {isa = PBXFileReference; lastKnownFileType = sourcecode.swift; path = NewConversationViewController.swift; sourceTree = "<group>"; };
		9244281626930F0D00EEC864 /* RegisterViewController.swift */ = {isa = PBXFileReference; lastKnownFileType = sourcecode.swift; path = RegisterViewController.swift; sourceTree = "<group>"; };
		9244281826930F2E00EEC864 /* ProfileViewController.swift */ = {isa = PBXFileReference; lastKnownFileType = sourcecode.swift; path = ProfileViewController.swift; sourceTree = "<group>"; };
		9244281B2694276600EEC864 /* Extensions.swift */ = {isa = PBXFileReference; lastKnownFileType = sourcecode.swift; path = Extensions.swift; sourceTree = "<group>"; };
		927A00D026965A6300C33B64 /* DatabaseManager.swift */ = {isa = PBXFileReference; lastKnownFileType = sourcecode.swift; path = DatabaseManager.swift; sourceTree = "<group>"; };
		928144DB2694D5A80098690E /* GoogleService-Info.plist */ = {isa = PBXFileReference; fileEncoding = 4; lastKnownFileType = text.plist.xml; path = "GoogleService-Info.plist"; sourceTree = "<group>"; };
		CAE98E277F8775AB7A3C75DB /* Pods-Messanger.release.xcconfig */ = {isa = PBXFileReference; includeInIndex = 1; lastKnownFileType = text.xcconfig; name = "Pods-Messanger.release.xcconfig"; path = "Target Support Files/Pods-Messanger/Pods-Messanger.release.xcconfig"; sourceTree = "<group>"; };
		CBFBB0BBEC47151C9633F849 /* Pods-Messanger.debug.xcconfig */ = {isa = PBXFileReference; includeInIndex = 1; lastKnownFileType = text.xcconfig; name = "Pods-Messanger.debug.xcconfig"; path = "Target Support Files/Pods-Messanger/Pods-Messanger.debug.xcconfig"; sourceTree = "<group>"; };
/* End PBXFileReference section */

/* Begin PBXFrameworksBuildPhase section */
		924427E9269306D300EEC864 /* Frameworks */ = {
			isa = PBXFrameworksBuildPhase;
			buildActionMask = 2147483647;
			files = (
				AB2ECC5AFFCFBC6E338CB95D /* Pods_Messanger.framework in Frameworks */,
			);
			runOnlyForDeploymentPostprocessing = 0;
		};
/* End PBXFrameworksBuildPhase section */

/* Begin PBXGroup section */
		1045B4BA101B6EE8ECBB5133 /* Frameworks */ = {
			isa = PBXGroup;
			children = (
				016C2D702EA4524215BB8F9C /* Pods_Messanger.framework */,
			);
			name = Frameworks;
			sourceTree = "<group>";
		};
		1D598AB5BFCCBEB3B8E8CAA2 /* Pods */ = {
			isa = PBXGroup;
			children = (
				CBFBB0BBEC47151C9633F849 /* Pods-Messanger.debug.xcconfig */,
				CAE98E277F8775AB7A3C75DB /* Pods-Messanger.release.xcconfig */,
			);
			path = Pods;
			sourceTree = "<group>";
		};
		924427E3269306D300EEC864 = {
			isa = PBXGroup;
			children = (
				924427EE269306D300EEC864 /* Messanger */,
				924427ED269306D300EEC864 /* Products */,
				1D598AB5BFCCBEB3B8E8CAA2 /* Pods */,
				1045B4BA101B6EE8ECBB5133 /* Frameworks */,
			);
			sourceTree = "<group>";
		};
		924427ED269306D300EEC864 /* Products */ = {
			isa = PBXGroup;
			children = (
				924427EC269306D300EEC864 /* Messanger.app */,
			);
			name = Products;
			sourceTree = "<group>";
		};
		924427EE269306D300EEC864 /* Messanger */ = {
			isa = PBXGroup;
			children = (
				928144DB2694D5A80098690E /* GoogleService-Info.plist */,
				924428082693096000EEC864 /* Resources */,
				924428072693094D00EEC864 /* ViewModels */,
				924428062693090E00EEC864 /* Models */,
				92442805269308FF00EEC864 /* Controllers */,
				92442803269308E100EEC864 /* Views */,
				924427FD269306D500EEC864 /* Info.plist */,
			);
			path = Messanger;
			sourceTree = "<group>";
		};
		92442803269308E100EEC864 /* Views */ = {
			isa = PBXGroup;
			children = (
				924427F8269306D500EEC864 /* Assets.xcassets */,
			);
			path = Views;
			sourceTree = "<group>";
		};
		92442805269308FF00EEC864 /* Controllers */ = {
			isa = PBXGroup;
			children = (
				924427F3269306D300EEC864 /* ConversationsViewController.swift */,
				9244281A269402E000EEC864 /* Login */,
				9244281026930E2600EEC864 /* PhotoViewController.swift */,
				9244281226930E3D00EEC864 /* VideoViewController.swift */,
				9244281426930E8E00EEC864 /* NewConversationViewController.swift */,
				9244281826930F2E00EEC864 /* ProfileViewController.swift */,
			);
			path = Controllers;
			sourceTree = "<group>";
		};
		924428062693090E00EEC864 /* Models */ = {
			isa = PBXGroup;
			children = (
				92442809269309FE00EEC864 /* Storyboards */,
			);
			path = Models;
			sourceTree = "<group>";
		};
		924428072693094D00EEC864 /* ViewModels */ = {
			isa = PBXGroup;
			children = (
			);
			path = ViewModels;
			sourceTree = "<group>";
		};
		924428082693096000EEC864 /* Resources */ = {
			isa = PBXGroup;
			children = (
				924427EF269306D300EEC864 /* AppDelegate.swift */,
				924427F1269306D300EEC864 /* SceneDelegate.swift */,
				9244281B2694276600EEC864 /* Extensions.swift */,
				927A00D026965A6300C33B64 /* DatabaseManager.swift */,
			);
			path = Resources;
			sourceTree = "<group>";
		};
		92442809269309FE00EEC864 /* Storyboards */ = {
			isa = PBXGroup;
			children = (
				924427FA269306D500EEC864 /* LaunchScreen.storyboard */,
				924427F5269306D300EEC864 /* Main.storyboard */,
			);
			path = Storyboards;
			sourceTree = "<group>";
		};
		9244281A269402E000EEC864 /* Login */ = {
			isa = PBXGroup;
			children = (
				9244281626930F0D00EEC864 /* RegisterViewController.swift */,
				9244280E26930D8200EEC864 /* LoginViewController.swift */,
			);
			path = Login;
			sourceTree = "<group>";
		};
/* End PBXGroup section */

/* Begin PBXNativeTarget section */
		924427EB269306D300EEC864 /* Messanger */ = {
			isa = PBXNativeTarget;
			buildConfigurationList = 92442800269306D500EEC864 /* Build configuration list for PBXNativeTarget "Messanger" */;
			buildPhases = (
				55502D4F4AA88E978832657E /* [CP] Check Pods Manifest.lock */,
				924427E8269306D300EEC864 /* Sources */,
				924427E9269306D300EEC864 /* Frameworks */,
				924427EA269306D300EEC864 /* Resources */,
				84FF43DA79B0D6560239FA6E /* [CP] Embed Pods Frameworks */,
			);
			buildRules = (
			);
			dependencies = (
			);
			name = Messanger;
			productName = Messanger;
			productReference = 924427EC269306D300EEC864 /* Messanger.app */;
			productType = "com.apple.product-type.application";
		};
/* End PBXNativeTarget section */

/* Begin PBXProject section */
		924427E4269306D300EEC864 /* Project object */ = {
			isa = PBXProject;
			attributes = {
				LastSwiftUpdateCheck = 1250;
				LastUpgradeCheck = 1250;
				TargetAttributes = {
					924427EB269306D300EEC864 = {
						CreatedOnToolsVersion = 12.5.1;
					};
				};
			};
			buildConfigurationList = 924427E7269306D300EEC864 /* Build configuration list for PBXProject "Messanger" */;
			compatibilityVersion = "Xcode 9.3";
			developmentRegion = en;
			hasScannedForEncodings = 0;
			knownRegions = (
				en,
				Base,
			);
			mainGroup = 924427E3269306D300EEC864;
			productRefGroup = 924427ED269306D300EEC864 /* Products */;
			projectDirPath = "";
			projectRoot = "";
			targets = (
				924427EB269306D300EEC864 /* Messanger */,
			);
		};
/* End PBXProject section */

/* Begin PBXResourcesBuildPhase section */
		924427EA269306D300EEC864 /* Resources */ = {
			isa = PBXResourcesBuildPhase;
			buildActionMask = 2147483647;
			files = (
				924427FC269306D500EEC864 /* LaunchScreen.storyboard in Resources */,
				928144DC2694D5A80098690E /* GoogleService-Info.plist in Resources */,
				924427F9269306D500EEC864 /* Assets.xcassets in Resources */,
				924427F7269306D300EEC864 /* Main.storyboard in Resources */,
			);
			runOnlyForDeploymentPostprocessing = 0;
		};
/* End PBXResourcesBuildPhase section */

/* Begin PBXShellScriptBuildPhase section */
		55502D4F4AA88E978832657E /* [CP] Check Pods Manifest.lock */ = {
			isa = PBXShellScriptBuildPhase;
			buildActionMask = 2147483647;
			files = (
			);
			inputFileListPaths = (
			);
			inputPaths = (
				"${PODS_PODFILE_DIR_PATH}/Podfile.lock",
				"${PODS_ROOT}/Manifest.lock",
			);
			name = "[CP] Check Pods Manifest.lock";
			outputFileListPaths = (
			);
			outputPaths = (
				"$(DERIVED_FILE_DIR)/Pods-Messanger-checkManifestLockResult.txt",
			);
			runOnlyForDeploymentPostprocessing = 0;
			shellPath = /bin/sh;
			shellScript = "diff \"${PODS_PODFILE_DIR_PATH}/Podfile.lock\" \"${PODS_ROOT}/Manifest.lock\" > /dev/null\nif [ $? != 0 ] ; then\n    # print error to STDERR\n    echo \"error: The sandbox is not in sync with the Podfile.lock. Run 'pod install' or update your CocoaPods installation.\" >&2\n    exit 1\nfi\n# This output is used by Xcode 'outputs' to avoid re-running this script phase.\necho \"SUCCESS\" > \"${SCRIPT_OUTPUT_FILE_0}\"\n";
			showEnvVarsInLog = 0;
		};
		84FF43DA79B0D6560239FA6E /* [CP] Embed Pods Frameworks */ = {
			isa = PBXShellScriptBuildPhase;
			buildActionMask = 2147483647;
			files = (
			);
			inputFileListPaths = (
				"${PODS_ROOT}/Target Support Files/Pods-Messanger/Pods-Messanger-frameworks-${CONFIGURATION}-input-files.xcfilelist",
			);
			name = "[CP] Embed Pods Frameworks";
			outputFileListPaths = (
				"${PODS_ROOT}/Target Support Files/Pods-Messanger/Pods-Messanger-frameworks-${CONFIGURATION}-output-files.xcfilelist",
			);
			runOnlyForDeploymentPostprocessing = 0;
			shellPath = /bin/sh;
			shellScript = "\"${PODS_ROOT}/Target Support Files/Pods-Messanger/Pods-Messanger-frameworks.sh\"\n";
			showEnvVarsInLog = 0;
		};
/* End PBXShellScriptBuildPhase section */

/* Begin PBXSourcesBuildPhase section */
		924427E8269306D300EEC864 /* Sources */ = {
			isa = PBXSourcesBuildPhase;
			buildActionMask = 2147483647;
			files = (
				9244280F26930D8200EEC864 /* LoginViewController.swift in Sources */,
				927A00D126965A6300C33B64 /* DatabaseManager.swift in Sources */,
				9244281526930E8E00EEC864 /* NewConversationViewController.swift in Sources */,
				924427F4269306D300EEC864 /* ConversationsViewController.swift in Sources */,
				9244281726930F0D00EEC864 /* RegisterViewController.swift in Sources */,
				9244281326930E3D00EEC864 /* VideoViewController.swift in Sources */,
				9244281C2694276600EEC864 /* Extensions.swift in Sources */,
				924427F0269306D300EEC864 /* AppDelegate.swift in Sources */,
				9244281926930F2E00EEC864 /* ProfileViewController.swift in Sources */,
				924427F2269306D300EEC864 /* SceneDelegate.swift in Sources */,
				9244281126930E2600EEC864 /* PhotoViewController.swift in Sources */,
			);
			runOnlyForDeploymentPostprocessing = 0;
		};
/* End PBXSourcesBuildPhase section */

/* Begin PBXVariantGroup section */
		924427F5269306D300EEC864 /* Main.storyboard */ = {
			isa = PBXVariantGroup;
			children = (
				924427F6269306D300EEC864 /* Base */,
			);
			name = Main.storyboard;
			sourceTree = "<group>";
		};
		924427FA269306D500EEC864 /* LaunchScreen.storyboard */ = {
			isa = PBXVariantGroup;
			children = (
				924427FB269306D500EEC864 /* Base */,
			);
			name = LaunchScreen.storyboard;
			sourceTree = "<group>";
		};
/* End PBXVariantGroup section */

/* Begin XCBuildConfiguration section */
		924427FE269306D500EEC864 /* Debug */ = {
			isa = XCBuildConfiguration;
			buildSettings = {
				ALWAYS_SEARCH_USER_PATHS = NO;
				CLANG_ANALYZER_NONNULL = YES;
				CLANG_ANALYZER_NUMBER_OBJECT_CONVERSION = YES_AGGRESSIVE;
				CLANG_CXX_LANGUAGE_STANDARD = "gnu++14";
				CLANG_CXX_LIBRARY = "libc++";
				CLANG_ENABLE_MODULES = YES;
				CLANG_ENABLE_OBJC_ARC = YES;
				CLANG_ENABLE_OBJC_WEAK = YES;
				CLANG_WARN_BLOCK_CAPTURE_AUTORELEASING = YES;
				CLANG_WARN_BOOL_CONVERSION = YES;
				CLANG_WARN_COMMA = YES;
				CLANG_WARN_CONSTANT_CONVERSION = YES;
				CLANG_WARN_DEPRECATED_OBJC_IMPLEMENTATIONS = YES;
				CLANG_WARN_DIRECT_OBJC_ISA_USAGE = YES_ERROR;
				CLANG_WARN_DOCUMENTATION_COMMENTS = YES;
				CLANG_WARN_EMPTY_BODY = YES;
				CLANG_WARN_ENUM_CONVERSION = YES;
				CLANG_WARN_INFINITE_RECURSION = YES;
				CLANG_WARN_INT_CONVERSION = YES;
				CLANG_WARN_NON_LITERAL_NULL_CONVERSION = YES;
				CLANG_WARN_OBJC_IMPLICIT_RETAIN_SELF = YES;
				CLANG_WARN_OBJC_LITERAL_CONVERSION = YES;
				CLANG_WARN_OBJC_ROOT_CLASS = YES_ERROR;
				CLANG_WARN_QUOTED_INCLUDE_IN_FRAMEWORK_HEADER = YES;
				CLANG_WARN_RANGE_LOOP_ANALYSIS = YES;
				CLANG_WARN_STRICT_PROTOTYPES = YES;
				CLANG_WARN_SUSPICIOUS_MOVE = YES;
				CLANG_WARN_UNGUARDED_AVAILABILITY = YES_AGGRESSIVE;
				CLANG_WARN_UNREACHABLE_CODE = YES;
				CLANG_WARN__DUPLICATE_METHOD_MATCH = YES;
				COPY_PHASE_STRIP = NO;
				DEBUG_INFORMATION_FORMAT = dwarf;
				ENABLE_STRICT_OBJC_MSGSEND = YES;
				ENABLE_TESTABILITY = YES;
				GCC_C_LANGUAGE_STANDARD = gnu11;
				GCC_DYNAMIC_NO_PIC = NO;
				GCC_NO_COMMON_BLOCKS = YES;
				GCC_OPTIMIZATION_LEVEL = 0;
				GCC_PREPROCESSOR_DEFINITIONS = (
					"DEBUG=1",
					"$(inherited)",
				);
				GCC_WARN_64_TO_32_BIT_CONVERSION = YES;
				GCC_WARN_ABOUT_RETURN_TYPE = YES_ERROR;
				GCC_WARN_UNDECLARED_SELECTOR = YES;
				GCC_WARN_UNINITIALIZED_AUTOS = YES_AGGRESSIVE;
				GCC_WARN_UNUSED_FUNCTION = YES;
				GCC_WARN_UNUSED_VARIABLE = YES;
				IPHONEOS_DEPLOYMENT_TARGET = 14.5;
				MTL_ENABLE_DEBUG_INFO = INCLUDE_SOURCE;
				MTL_FAST_MATH = YES;
				ONLY_ACTIVE_ARCH = YES;
				SDKROOT = iphoneos;
				SWIFT_ACTIVE_COMPILATION_CONDITIONS = DEBUG;
				SWIFT_OPTIMIZATION_LEVEL = "-Onone";
			};
			name = Debug;
		};
		924427FF269306D500EEC864 /* Release */ = {
			isa = XCBuildConfiguration;
			buildSettings = {
				ALWAYS_SEARCH_USER_PATHS = NO;
				CLANG_ANALYZER_NONNULL = YES;
				CLANG_ANALYZER_NUMBER_OBJECT_CONVERSION = YES_AGGRESSIVE;
				CLANG_CXX_LANGUAGE_STANDARD = "gnu++14";
				CLANG_CXX_LIBRARY = "libc++";
				CLANG_ENABLE_MODULES = YES;
				CLANG_ENABLE_OBJC_ARC = YES;
				CLANG_ENABLE_OBJC_WEAK = YES;
				CLANG_WARN_BLOCK_CAPTURE_AUTORELEASING = YES;
				CLANG_WARN_BOOL_CONVERSION = YES;
				CLANG_WARN_COMMA = YES;
				CLANG_WARN_CONSTANT_CONVERSION = YES;
				CLANG_WARN_DEPRECATED_OBJC_IMPLEMENTATIONS = YES;
				CLANG_WARN_DIRECT_OBJC_ISA_USAGE = YES_ERROR;
				CLANG_WARN_DOCUMENTATION_COMMENTS = YES;
				CLANG_WARN_EMPTY_BODY = YES;
				CLANG_WARN_ENUM_CONVERSION = YES;
				CLANG_WARN_INFINITE_RECURSION = YES;
				CLANG_WARN_INT_CONVERSION = YES;
				CLANG_WARN_NON_LITERAL_NULL_CONVERSION = YES;
				CLANG_WARN_OBJC_IMPLICIT_RETAIN_SELF = YES;
				CLANG_WARN_OBJC_LITERAL_CONVERSION = YES;
				CLANG_WARN_OBJC_ROOT_CLASS = YES_ERROR;
				CLANG_WARN_QUOTED_INCLUDE_IN_FRAMEWORK_HEADER = YES;
				CLANG_WARN_RANGE_LOOP_ANALYSIS = YES;
				CLANG_WARN_STRICT_PROTOTYPES = YES;
				CLANG_WARN_SUSPICIOUS_MOVE = YES;
				CLANG_WARN_UNGUARDED_AVAILABILITY = YES_AGGRESSIVE;
				CLANG_WARN_UNREACHABLE_CODE = YES;
				CLANG_WARN__DUPLICATE_METHOD_MATCH = YES;
				COPY_PHASE_STRIP = NO;
				DEBUG_INFORMATION_FORMAT = "dwarf-with-dsym";
				ENABLE_NS_ASSERTIONS = NO;
				ENABLE_STRICT_OBJC_MSGSEND = YES;
				GCC_C_LANGUAGE_STANDARD = gnu11;
				GCC_NO_COMMON_BLOCKS = YES;
				GCC_WARN_64_TO_32_BIT_CONVERSION = YES;
				GCC_WARN_ABOUT_RETURN_TYPE = YES_ERROR;
				GCC_WARN_UNDECLARED_SELECTOR = YES;
				GCC_WARN_UNINITIALIZED_AUTOS = YES_AGGRESSIVE;
				GCC_WARN_UNUSED_FUNCTION = YES;
				GCC_WARN_UNUSED_VARIABLE = YES;
				IPHONEOS_DEPLOYMENT_TARGET = 14.5;
				MTL_ENABLE_DEBUG_INFO = NO;
				MTL_FAST_MATH = YES;
				SDKROOT = iphoneos;
				SWIFT_COMPILATION_MODE = wholemodule;
				SWIFT_OPTIMIZATION_LEVEL = "-O";
				VALIDATE_PRODUCT = YES;
			};
			name = Release;
		};
		92442801269306D500EEC864 /* Debug */ = {
			isa = XCBuildConfiguration;
			baseConfigurationReference = CBFBB0BBEC47151C9633F849 /* Pods-Messanger.debug.xcconfig */;
			buildSettings = {
				ASSETCATALOG_COMPILER_APPICON_NAME = AppIcon;
				ASSETCATALOG_COMPILER_GLOBAL_ACCENT_COLOR_NAME = AccentColor;
				CODE_SIGN_STYLE = Automatic;
				INFOPLIST_FILE = Messanger/Info.plist;
				IPHONEOS_DEPLOYMENT_TARGET = 13.0;
				LD_RUNPATH_SEARCH_PATHS = (
					"$(inherited)",
					"@executable_path/Frameworks",
				);
				PRODUCT_BUNDLE_IDENTIFIER = com.example.Messanger;
				PRODUCT_NAME = "$(TARGET_NAME)";
				SWIFT_VERSION = 5.0;
				TARGETED_DEVICE_FAMILY = "1,2";
			};
			name = Debug;
		};
		92442802269306D500EEC864 /* Release */ = {
			isa = XCBuildConfiguration;
			baseConfigurationReference = CAE98E277F8775AB7A3C75DB /* Pods-Messanger.release.xcconfig */;
			buildSettings = {
				ASSETCATALOG_COMPILER_APPICON_NAME = AppIcon;
				ASSETCATALOG_COMPILER_GLOBAL_ACCENT_COLOR_NAME = AccentColor;
				CODE_SIGN_STYLE = Automatic;
				INFOPLIST_FILE = Messanger/Info.plist;
				IPHONEOS_DEPLOYMENT_TARGET = 13.0;
				LD_RUNPATH_SEARCH_PATHS = (
					"$(inherited)",
					"@executable_path/Frameworks",
				);
				PRODUCT_BUNDLE_IDENTIFIER = com.example.Messanger;
				PRODUCT_NAME = "$(TARGET_NAME)";
				SWIFT_VERSION = 5.0;
				TARGETED_DEVICE_FAMILY = "1,2";
			};
			name = Release;
		};
/* End XCBuildConfiguration section */

/* Begin XCConfigurationList section */
		924427E7269306D300EEC864 /* Build configuration list for PBXProject "Messanger" */ = {
			isa = XCConfigurationList;
			buildConfigurations = (
				924427FE269306D500EEC864 /* Debug */,
				924427FF269306D500EEC864 /* Release */,
			);
			defaultConfigurationIsVisible = 0;
			defaultConfigurationName = Release;
		};
		92442800269306D500EEC864 /* Build configuration list for PBXNativeTarget "Messanger" */ = {
			isa = XCConfigurationList;
			buildConfigurations = (
				92442801269306D500EEC864 /* Debug */,
				92442802269306D500EEC864 /* Release */,
			);
			defaultConfigurationIsVisible = 0;
			defaultConfigurationName = Release;
		};
/* End XCConfigurationList section */
	};
	rootObject = 924427E4269306D300EEC864 /* Project object */;
}
